
Microsoft Visual Studio Solution File, Format Version 12.00
# Visual Studio Version 17
VisualStudioVersion = 17.4.33205.214
MinimumVisualStudioVersion = 10.0.40219.1
Project("{FAE04EC0-301F-11D3-BF4B-00C04F79EFBC}") = "Console140", "Console140\Console140.csproj", "{D285B70A-9226-43CB-8051-84B247A94AC3}"
EndProject
Global
	GlobalSection(SolutionConfigurationPlatforms) = preSolution
		Debug|Any CPU = Debug|Any CPU
		Release|Any CPU = Release|Any CPU
	EndGlobalSection
	GlobalSection(ProjectConfigurationPlatforms) = postSolution
		{D285B70A-9226-43CB-8051-84B247A94AC3}.Debug|Any CPU.ActiveCfg = Debug|Any CPU
		{D285B70A-9226-43CB-8051-84B247A94AC3}.Debug|Any CPU.Build.0 = Debug|Any CPU
		{D285B70A-9226-43CB-8051-84B247A94AC3}.Release|Any CPU.ActiveCfg = Release|Any CPU
		{D285B70A-9226-43CB-8051-84B247A94AC3}.Release|Any CPU.Build.0 = Release|Any CPU
	EndGlobalSection
	GlobalSection(SolutionProperties) = preSolution
		HideSolutionNode = FALSE
	EndGlobalSection
	GlobalSection(ExtensibilityGlobals) = postSolution
		SolutionGuid = {585B38F1-2205-4AC1-970B-63B4E6045E2E}
	EndGlobalSection
EndGlobal
