
Microsoft Visual Studio Solution File, Format Version 12.00
# Visual Studio Version 17
VisualStudioVersion = 17.4.33205.214
MinimumVisualStudioVersion = 10.0.40219.1
Project("{FAE04EC0-301F-11D3-BF4B-00C04F79EFBC}") = "Console68", "Console68\Console68.csproj", "{1ECAB529-EAFE-48DD-B94E-0DBC514EDE5A}"
EndProject
Global
	GlobalSection(SolutionConfigurationPlatforms) = preSolution
		Debug|Any CPU = Debug|Any CPU
		Release|Any CPU = Release|Any CPU
	EndGlobalSection
	GlobalSection(ProjectConfigurationPlatforms) = postSolution
		{1ECAB529-EAFE-48DD-B94E-0DBC514EDE5A}.Debug|Any CPU.ActiveCfg = Debug|Any CPU
		{1ECAB529-EAFE-48DD-B94E-0DBC514EDE5A}.Debug|Any CPU.Build.0 = Debug|Any CPU
		{1ECAB529-EAFE-48DD-B94E-0DBC514EDE5A}.Release|Any CPU.ActiveCfg = Release|Any CPU
		{1ECAB529-EAFE-48DD-B94E-0DBC514EDE5A}.Release|Any CPU.Build.0 = Release|Any CPU
	EndGlobalSection
	GlobalSection(SolutionProperties) = preSolution
		HideSolutionNode = FALSE
	EndGlobalSection
	GlobalSection(ExtensibilityGlobals) = postSolution
		SolutionGuid = {F986FFE1-9430-46AC-BA90-9C3B96E2EFE9}
	EndGlobalSection
EndGlobal
