
Microsoft Visual Studio Solution File, Format Version 12.00
# Visual Studio Version 17
VisualStudioVersion = 17.4.33205.214
MinimumVisualStudioVersion = 10.0.40219.1
Project("{FAE04EC0-301F-11D3-BF4B-00C04F79EFBC}") = "Console88", "Console88\Console88.csproj", "{DC84A0B7-1B18-4F5F-9D01-27B0CEBADDE7}"
EndProject
Global
	GlobalSection(SolutionConfigurationPlatforms) = preSolution
		Debug|Any CPU = Debug|Any CPU
		Release|Any CPU = Release|Any CPU
	EndGlobalSection
	GlobalSection(ProjectConfigurationPlatforms) = postSolution
		{DC84A0B7-1B18-4F5F-9D01-27B0CEBADDE7}.Debug|Any CPU.ActiveCfg = Debug|Any CPU
		{DC84A0B7-1B18-4F5F-9D01-27B0CEBADDE7}.Debug|Any CPU.Build.0 = Debug|Any CPU
		{DC84A0B7-1B18-4F5F-9D01-27B0CEBADDE7}.Release|Any CPU.ActiveCfg = Release|Any CPU
		{DC84A0B7-1B18-4F5F-9D01-27B0CEBADDE7}.Release|Any CPU.Build.0 = Release|Any CPU
	EndGlobalSection
	GlobalSection(SolutionProperties) = preSolution
		HideSolutionNode = FALSE
	EndGlobalSection
	GlobalSection(ExtensibilityGlobals) = postSolution
		SolutionGuid = {ECBFA4B8-C516-46D5-ADF9-3EFC0DFCF96D}
	EndGlobalSection
EndGlobal
