
Microsoft Visual Studio Solution File, Format Version 12.00
# Visual Studio Version 17
VisualStudioVersion = 17.4.33205.214
MinimumVisualStudioVersion = 10.0.40219.1
Project("{FAE04EC0-301F-11D3-BF4B-00C04F79EFBC}") = "Console46", "Console46\Console46.csproj", "{BB20E898-764B-40BB-BBD6-6607A720DF35}"
EndProject
Global
	GlobalSection(SolutionConfigurationPlatforms) = preSolution
		Debug|Any CPU = Debug|Any CPU
		Release|Any CPU = Release|Any CPU
	EndGlobalSection
	GlobalSection(ProjectConfigurationPlatforms) = postSolution
		{BB20E898-764B-40BB-BBD6-6607A720DF35}.Debug|Any CPU.ActiveCfg = Debug|Any CPU
		{BB20E898-764B-40BB-BBD6-6607A720DF35}.Debug|Any CPU.Build.0 = Debug|Any CPU
		{BB20E898-764B-40BB-BBD6-6607A720DF35}.Release|Any CPU.ActiveCfg = Release|Any CPU
		{BB20E898-764B-40BB-BBD6-6607A720DF35}.Release|Any CPU.Build.0 = Release|Any CPU
	EndGlobalSection
	GlobalSection(SolutionProperties) = preSolution
		HideSolutionNode = FALSE
	EndGlobalSection
	GlobalSection(ExtensibilityGlobals) = postSolution
		SolutionGuid = {63757AB1-2CAC-47B7-B79E-F231C24D3EF5}
	EndGlobalSection
EndGlobal
