
Microsoft Visual Studio Solution File, Format Version 12.00
# Visual Studio Version 17
VisualStudioVersion = 17.4.33205.214
MinimumVisualStudioVersion = 10.0.40219.1
Project("{FAE04EC0-301F-11D3-BF4B-00C04F79EFBC}") = "LINQ-II", "LINQ-II\LINQ-II.csproj", "{687424EB-7B3B-461C-9048-5C6371073131}"
EndProject
Global
	GlobalSection(SolutionConfigurationPlatforms) = preSolution
		Debug|Any CPU = Debug|Any CPU
		Release|Any CPU = Release|Any CPU
	EndGlobalSection
	GlobalSection(ProjectConfigurationPlatforms) = postSolution
		{687424EB-7B3B-461C-9048-5C6371073131}.Debug|Any CPU.ActiveCfg = Debug|Any CPU
		{687424EB-7B3B-461C-9048-5C6371073131}.Debug|Any CPU.Build.0 = Debug|Any CPU
		{687424EB-7B3B-461C-9048-5C6371073131}.Release|Any CPU.ActiveCfg = Release|Any CPU
		{687424EB-7B3B-461C-9048-5C6371073131}.Release|Any CPU.Build.0 = Release|Any CPU
	EndGlobalSection
	GlobalSection(SolutionProperties) = preSolution
		HideSolutionNode = FALSE
	EndGlobalSection
	GlobalSection(ExtensibilityGlobals) = postSolution
		SolutionGuid = {181941C1-E004-4453-9CB8-5FCA599E8D17}
	EndGlobalSection
EndGlobal
