
Microsoft Visual Studio Solution File, Format Version 12.00
# Visual Studio Version 17
VisualStudioVersion = 17.4.33205.214
MinimumVisualStudioVersion = 10.0.40219.1
Project("{FAE04EC0-301F-11D3-BF4B-00C04F79EFBC}") = "Console131", "Console131\Console131.csproj", "{6EE52AC4-AD78-43B7-BAD8-06B5D042A610}"
EndProject
Global
	GlobalSection(SolutionConfigurationPlatforms) = preSolution
		Debug|Any CPU = Debug|Any CPU
		Release|Any CPU = Release|Any CPU
	EndGlobalSection
	GlobalSection(ProjectConfigurationPlatforms) = postSolution
		{6EE52AC4-AD78-43B7-BAD8-06B5D042A610}.Debug|Any CPU.ActiveCfg = Debug|Any CPU
		{6EE52AC4-AD78-43B7-BAD8-06B5D042A610}.Debug|Any CPU.Build.0 = Debug|Any CPU
		{6EE52AC4-AD78-43B7-BAD8-06B5D042A610}.Release|Any CPU.ActiveCfg = Release|Any CPU
		{6EE52AC4-AD78-43B7-BAD8-06B5D042A610}.Release|Any CPU.Build.0 = Release|Any CPU
	EndGlobalSection
	GlobalSection(SolutionProperties) = preSolution
		HideSolutionNode = FALSE
	EndGlobalSection
	GlobalSection(ExtensibilityGlobals) = postSolution
		SolutionGuid = {D0C4BC33-2E84-4605-8F3C-5770937B9BF5}
	EndGlobalSection
EndGlobal
