
Microsoft Visual Studio Solution File, Format Version 12.00
# Visual Studio Version 17
VisualStudioVersion = 17.4.33205.214
MinimumVisualStudioVersion = 10.0.40219.1
Project("{FAE04EC0-301F-11D3-BF4B-00C04F79EFBC}") = "ConsoleApp145", "ConsoleApp145\ConsoleApp145.csproj", "{1A6A8E45-2FA5-416A-87F7-1415AC30DFFA}"
EndProject
Global
	GlobalSection(SolutionConfigurationPlatforms) = preSolution
		Debug|Any CPU = Debug|Any CPU
		Release|Any CPU = Release|Any CPU
	EndGlobalSection
	GlobalSection(ProjectConfigurationPlatforms) = postSolution
		{1A6A8E45-2FA5-416A-87F7-1415AC30DFFA}.Debug|Any CPU.ActiveCfg = Debug|Any CPU
		{1A6A8E45-2FA5-416A-87F7-1415AC30DFFA}.Debug|Any CPU.Build.0 = Debug|Any CPU
		{1A6A8E45-2FA5-416A-87F7-1415AC30DFFA}.Release|Any CPU.ActiveCfg = Release|Any CPU
		{1A6A8E45-2FA5-416A-87F7-1415AC30DFFA}.Release|Any CPU.Build.0 = Release|Any CPU
	EndGlobalSection
	GlobalSection(SolutionProperties) = preSolution
		HideSolutionNode = FALSE
	EndGlobalSection
	GlobalSection(ExtensibilityGlobals) = postSolution
		SolutionGuid = {38A48C21-2EBD-4F16-AFC8-65BA261B06E0}
	EndGlobalSection
EndGlobal
