
Microsoft Visual Studio Solution File, Format Version 12.00
# Visual Studio Version 17
VisualStudioVersion = 17.4.33205.214
MinimumVisualStudioVersion = 10.0.40219.1
Project("{FAE04EC0-301F-11D3-BF4B-00C04F79EFBC}") = "Console213", "Console213\Console213.csproj", "{5E26A1B8-554E-44D1-89BC-2A46A76DFE6C}"
EndProject
Global
	GlobalSection(SolutionConfigurationPlatforms) = preSolution
		Debug|Any CPU = Debug|Any CPU
		Release|Any CPU = Release|Any CPU
	EndGlobalSection
	GlobalSection(ProjectConfigurationPlatforms) = postSolution
		{5E26A1B8-554E-44D1-89BC-2A46A76DFE6C}.Debug|Any CPU.ActiveCfg = Debug|Any CPU
		{5E26A1B8-554E-44D1-89BC-2A46A76DFE6C}.Debug|Any CPU.Build.0 = Debug|Any CPU
		{5E26A1B8-554E-44D1-89BC-2A46A76DFE6C}.Release|Any CPU.ActiveCfg = Release|Any CPU
		{5E26A1B8-554E-44D1-89BC-2A46A76DFE6C}.Release|Any CPU.Build.0 = Release|Any CPU
	EndGlobalSection
	GlobalSection(SolutionProperties) = preSolution
		HideSolutionNode = FALSE
	EndGlobalSection
	GlobalSection(ExtensibilityGlobals) = postSolution
		SolutionGuid = {664AB1FC-EFAD-4266-90A9-614FDB4D1E77}
	EndGlobalSection
EndGlobal
