
Microsoft Visual Studio Solution File, Format Version 12.00
# Visual Studio Version 17
VisualStudioVersion = 17.4.33205.214
MinimumVisualStudioVersion = 10.0.40219.1
Project("{FAE04EC0-301F-11D3-BF4B-00C04F79EFBC}") = "Console128", "Console128\Console128.csproj", "{33A76B3A-42C4-40AB-ACCE-7DDB4C7BEF49}"
EndProject
Global
	GlobalSection(SolutionConfigurationPlatforms) = preSolution
		Debug|Any CPU = Debug|Any CPU
		Release|Any CPU = Release|Any CPU
	EndGlobalSection
	GlobalSection(ProjectConfigurationPlatforms) = postSolution
		{33A76B3A-42C4-40AB-ACCE-7DDB4C7BEF49}.Debug|Any CPU.ActiveCfg = Debug|Any CPU
		{33A76B3A-42C4-40AB-ACCE-7DDB4C7BEF49}.Debug|Any CPU.Build.0 = Debug|Any CPU
		{33A76B3A-42C4-40AB-ACCE-7DDB4C7BEF49}.Release|Any CPU.ActiveCfg = Release|Any CPU
		{33A76B3A-42C4-40AB-ACCE-7DDB4C7BEF49}.Release|Any CPU.Build.0 = Release|Any CPU
	EndGlobalSection
	GlobalSection(SolutionProperties) = preSolution
		HideSolutionNode = FALSE
	EndGlobalSection
	GlobalSection(ExtensibilityGlobals) = postSolution
		SolutionGuid = {9533EDF5-028F-4535-A19B-7118B9485E43}
	EndGlobalSection
EndGlobal
