
Microsoft Visual Studio Solution File, Format Version 12.00
# Visual Studio Version 17
VisualStudioVersion = 17.4.33205.214
MinimumVisualStudioVersion = 10.0.40219.1
Project("{FAE04EC0-301F-11D3-BF4B-00C04F79EFBC}") = "Console211", "Console211\Console211.csproj", "{C7B5D51A-B65A-4257-8AF9-D13B11724464}"
EndProject
Global
	GlobalSection(SolutionConfigurationPlatforms) = preSolution
		Debug|Any CPU = Debug|Any CPU
		Release|Any CPU = Release|Any CPU
	EndGlobalSection
	GlobalSection(ProjectConfigurationPlatforms) = postSolution
		{C7B5D51A-B65A-4257-8AF9-D13B11724464}.Debug|Any CPU.ActiveCfg = Debug|Any CPU
		{C7B5D51A-B65A-4257-8AF9-D13B11724464}.Debug|Any CPU.Build.0 = Debug|Any CPU
		{C7B5D51A-B65A-4257-8AF9-D13B11724464}.Release|Any CPU.ActiveCfg = Release|Any CPU
		{C7B5D51A-B65A-4257-8AF9-D13B11724464}.Release|Any CPU.Build.0 = Release|Any CPU
	EndGlobalSection
	GlobalSection(SolutionProperties) = preSolution
		HideSolutionNode = FALSE
	EndGlobalSection
	GlobalSection(ExtensibilityGlobals) = postSolution
		SolutionGuid = {F23120A6-21C4-4269-9495-09D15DFEFADD}
	EndGlobalSection
EndGlobal
