
Microsoft Visual Studio Solution File, Format Version 12.00
# Visual Studio Version 17
VisualStudioVersion = 17.4.33205.214
MinimumVisualStudioVersion = 10.0.40219.1
Project("{FAE04EC0-301F-11D3-BF4B-00C04F79EFBC}") = "Console66", "Console66\Console66.csproj", "{F5A9C5BB-AAE8-42DB-B22F-E8B06E6BE5A7}"
EndProject
Global
	GlobalSection(SolutionConfigurationPlatforms) = preSolution
		Debug|Any CPU = Debug|Any CPU
		Release|Any CPU = Release|Any CPU
	EndGlobalSection
	GlobalSection(ProjectConfigurationPlatforms) = postSolution
		{F5A9C5BB-AAE8-42DB-B22F-E8B06E6BE5A7}.Debug|Any CPU.ActiveCfg = Debug|Any CPU
		{F5A9C5BB-AAE8-42DB-B22F-E8B06E6BE5A7}.Debug|Any CPU.Build.0 = Debug|Any CPU
		{F5A9C5BB-AAE8-42DB-B22F-E8B06E6BE5A7}.Release|Any CPU.ActiveCfg = Release|Any CPU
		{F5A9C5BB-AAE8-42DB-B22F-E8B06E6BE5A7}.Release|Any CPU.Build.0 = Release|Any CPU
	EndGlobalSection
	GlobalSection(SolutionProperties) = preSolution
		HideSolutionNode = FALSE
	EndGlobalSection
	GlobalSection(ExtensibilityGlobals) = postSolution
		SolutionGuid = {48E9BAB9-33C7-4A08-8056-416E86D10F60}
	EndGlobalSection
EndGlobal
